# THIS IS AN AUTOGENERATED FILE. DO NOT EDIT THIS FILE DIRECTLY.
# yarn lockfile v1


"@miragejs/pretender-node-polyfill@^0.1.0":
  version "0.1.2"
  resolved "https://registry.yarnpkg.com/@miragejs/pretender-node-polyfill/-/pretender-node-polyfill-0.1.2.tgz#d26b6b7483fb70cd62189d05c95d2f67153e43f2"
  integrity sha512-M/BexG/p05C5lFfMunxo/QcgIJnMT2vDVCd00wNqK2ImZONIlEETZwWJu1QtLxtmYlSHlCFl3JNzp0tLe7OJ5g==

fake-xml-http-request@^2.1.2:
  version "2.1.2"
  resolved "https://registry.yarnpkg.com/fake-xml-http-request/-/fake-xml-http-request-2.1.2.tgz#f1786720cae50bbb46273035a0173414f3e85e74"
  integrity sha512-HaFMBi7r+oEC9iJNpc3bvcW7Z7iLmM26hPDmlb0mFwyANSsOQAtJxbdWsXITKOzZUyMYK0zYCv3h5yDj9TsiXg==

pretender@^3.4.7:
  version "3.4.7"
  resolved "https://registry.yarnpkg.com/pretender/-/pretender-3.4.7.tgz#34a2ae2d1fc9db440a990d50e6c0f5481d8755fc"
  integrity sha512-jkPAvt1BfRi0RKamweJdEcnjkeu7Es8yix3bJ+KgBC5VpG/Ln4JE3hYN6vJym4qprm8Xo5adhWpm3HCoft1dOw==
  dependencies:
    fake-xml-http-request "^2.1.2"
    route-recognizer "^0.3.3"

route-recognizer@^0.3.3:
  version "0.3.4"
  resolved "https://registry.yarnpkg.com/route-recognizer/-/route-recognizer-0.3.4.tgz#39ab1ffbce1c59e6d2bdca416f0932611e4f3ca3"
  integrity sha512-2+MhsfPhvauN1O8KaXpXAOfR/fwe8dnUXVM+xw7yt40lJRfPVQxV6yryZm0cgRvAj5fMF/mdRZbL2ptwbs5i2g==
